
Microsoft Visual Studio Solution File, Format Version 12.00
# Visual Studio 15
VisualStudioVersion = 15.0.28307.438
MinimumVisualStudioVersion = 10.0.40219.1
Project("{888888A0-9F3D-457C-B088-3A5042F75D52}") = "Working TCP Server", "Working TCP Server\Working TCP Server.pyproj", "{9EA6F6BF-461D-480E-AFB3-3CD8A9BB1539}"
EndProject
Global
	GlobalSection(SolutionConfigurationPlatforms) = preSolution
		Debug|Any CPU = Debug|Any CPU
		Release|Any CPU = Release|Any CPU
	EndGlobalSection
	GlobalSection(ProjectConfigurationPlatforms) = postSolution
		{9EA6F6BF-461D-480E-AFB3-3CD8A9BB1539}.Debug|Any CPU.ActiveCfg = Debug|Any CPU
		{9EA6F6BF-461D-480E-AFB3-3CD8A9BB1539}.Release|Any CPU.ActiveCfg = Release|Any CPU
	EndGlobalSection
	GlobalSection(SolutionProperties) = preSolution
		HideSolutionNode = FALSE
	EndGlobalSection
	GlobalSection(ExtensibilityGlobals) = postSolution
		SolutionGuid = {32A4D3A8-7486-485A-B861-3DEA90F949E6}
	EndGlobalSection
EndGlobal
